
Microsoft Visual Studio Solution File, Format Version 12.00
# Visual Studio Version 16
VisualStudioVersion = 16.0.29806.167
MinimumVisualStudioVersion = 10.0.40219.1
Project("{2150E333-8FDC-42A3-9474-1A3956D46DE8}") = "Tests", "Tests", "{238B3094-7166-47C7-A254-E4022125CC45}"
EndProject
Project("{9A19103F-16F7-4668-BE54-9A1E7A4F7556}") = "Insight.Testing.Tests", "tests\Insight.Testing.Tests\Insight.Testing.Tests.csproj", "{ACF9173B-2EAC-44F6-8EB6-80A71E944FA1}"
EndProject
Project("{9A19103F-16F7-4668-BE54-9A1E7A4F7556}") = "Insight.DependencyInjection.Tests", "tests\Insight.DependencyInjection.Tests\Insight.DependencyInjection.Tests.csproj", "{FCDB62B1-9D64-4243-A534-AE265307D914}"
EndProject
Project("{9A19103F-16F7-4668-BE54-9A1E7A4F7556}") = "Insight.DependencyInjection", "src\Insight.DependencyInjection\Insight.DependencyInjection.csproj", "{4DD20C86-F1A0-4491-99C3-B2F576CF651A}"
EndProject
Project("{9A19103F-16F7-4668-BE54-9A1E7A4F7556}") = "Insight.Testing", "src\Insight.Testing\Insight.Testing.csproj", "{11BB2E1E-7728-4BE4-A1E6-B55FDEFA8BED}"
EndProject
Project("{9A19103F-16F7-4668-BE54-9A1E7A4F7556}") = "Insight.Hosting.Worker", "src\Insight.Hosting.Worker\Insight.Hosting.Worker.csproj", "{B627D56C-DBD6-4F18-A39D-691595D12B64}"
EndProject
Project("{9A19103F-16F7-4668-BE54-9A1E7A4F7556}") = "Insight.Hosting", "src\Insight.Hosting\Insight.Hosting.csproj", "{C3E4B5D4-2058-4DE8-BDB3-5CCEF4398AEA}"
EndProject
Project("{9A19103F-16F7-4668-BE54-9A1E7A4F7556}") = "Insight.Transactions", "src\Insight.Transactions\Insight.Transactions.csproj", "{1AE309DE-1A50-4BA5-8843-0D9ACCE21CBE}"
EndProject
Project("{2150E333-8FDC-42A3-9474-1A3956D46DE8}") = "Samples", "Samples", "{E15ED34D-B34A-4F9D-803B-9070BC272563}"
EndProject
Project("{9A19103F-16F7-4668-BE54-9A1E7A4F7556}") = "Insight.Reactive.RabbitMQ.Samples", "samples\Insight.Reactive.RabbitMQ.Samples\Insight.Reactive.RabbitMQ.Samples.csproj", "{125DA748-B4A5-4C3B-BCC5-E0B0651A6C04}"
EndProject
Project("{9A19103F-16F7-4668-BE54-9A1E7A4F7556}") = "Insight.Reactive.RabbitMQ", "src\Insight.Reactive.RabbitMQ\Insight.Reactive.RabbitMQ.csproj", "{9FBE2643-D4FA-40AC-912B-EEC6769F7AF6}"
EndProject
Project("{9A19103F-16F7-4668-BE54-9A1E7A4F7556}") = "Insight.Reactive.RabbitMQ.Tests", "tests\Insight.Reactive.RabbitMQ.Tests\Insight.Reactive.RabbitMQ.Tests.csproj", "{4AE6BCC7-5C02-4090-B987-B13AE1B5218A}"
EndProject
Project("{9A19103F-16F7-4668-BE54-9A1E7A4F7556}") = "Insight.Json", "src\Insight.Json\Insight.Json.csproj", "{C69E3CC8-F8ED-4988-94F4-EB37BF233426}"
EndProject
Project("{9A19103F-16F7-4668-BE54-9A1E7A4F7556}") = "Insight.MediatR", "src\Insight.MediatR\Insight.MediatR.csproj", "{16391071-302A-41DF-83E1-BB3447FFD8CF}"
EndProject
Project("{9A19103F-16F7-4668-BE54-9A1E7A4F7556}") = "Insight.MediatR.Tests", "tests\Insight.MediatR.Tests\Insight.MediatR.Tests.csproj", "{A24481E9-0C14-4F99-BD68-B275AFDE9E7E}"
EndProject
Project("{FAE04EC0-301F-11D3-BF4B-00C04F79EFBC}") = "Insight.Channels.Tests", "tests\Insight.Channels.Tests\Insight.Channels.Tests.csproj", "{54D396CA-C39D-4947-B857-4EA35FC15A4B}"
EndProject
Project("{9A19103F-16F7-4668-BE54-9A1E7A4F7556}") = "Insight.Channels", "src\Insight.Channels\Insight.Channels.csproj", "{C9E562C8-2321-49C8-9346-78C033D0D4A5}"
EndProject
Project("{FAE04EC0-301F-11D3-BF4B-00C04F79EFBC}") = "Insight.Dto", "src\Insight.Dto\Insight.Dto.csproj", "{FC615C4B-1ED8-4ACD-BF05-5842DDF7DFF2}"
EndProject
Project("{FAE04EC0-301F-11D3-BF4B-00C04F79EFBC}") = "Insight.Dates", "src\Insight.Dates\Insight.Dates.csproj", "{7F5A322F-774B-4165-8F53-386501531E81}"
EndProject
Project("{FAE04EC0-301F-11D3-BF4B-00C04F79EFBC}") = "Insight.DataAccess", "src\Insight.DataAccess\Insight.DataAccess.csproj", "{83318B8D-09DA-482D-A7B7-FC38B14A0484}"
EndProject
Project("{FAE04EC0-301F-11D3-BF4B-00C04F79EFBC}") = "Insight.DataAccess.MySql", "src\Insight.DataAccess.MySql\Insight.DataAccess.MySql.csproj", "{77A746C2-4314-4A6E-8398-D52538B516E9}"
EndProject
Project("{FAE04EC0-301F-11D3-BF4B-00C04F79EFBC}") = "Insight.DataAccess.Dapper", "src\Insight.DataAccess.Dapper\Insight.DataAccess.Dapper.csproj", "{3E7077A7-4F21-4F02-A0D0-B4ED98C34328}"
EndProject
Project("{FAE04EC0-301F-11D3-BF4B-00C04F79EFBC}") = "Insight.MediatR.Logging", "src\Insight.MediatR.Logging\Insight.MediatR.Logging.csproj", "{8691745B-5B44-4F5C-B0EA-6B2B23A0F329}"
EndProject
Project("{FAE04EC0-301F-11D3-BF4B-00C04F79EFBC}") = "Insight.MediatR.Validation", "src\Insight.MediatR.Validation\Insight.MediatR.Validation.csproj", "{723C282D-0534-47FF-936C-51BE1F1A6B39}"
EndProject
Project("{FAE04EC0-301F-11D3-BF4B-00C04F79EFBC}") = "Insight.Logging", "src\Insight.Logging\Insight.Logging.csproj", "{2DB88394-22E1-4A5C-9C2D-E63A4F01EFD9}"
EndProject
Project("{FAE04EC0-301F-11D3-BF4B-00C04F79EFBC}") = "Insight.Logging.Serilog", "src\Insight.Logging.Serilog\Insight.Logging.Serilog.csproj", "{B24F93F0-EA32-471E-A4CC-FB7368514C59}"
EndProject
Project("{FAE04EC0-301F-11D3-BF4B-00C04F79EFBC}") = "Insight.Logging.Serilog.Tests", "tests\Insight.Logging.Serilog.Tests\Insight.Logging.Serilog.Tests.csproj", "{7B860F2B-AB85-450D-9A83-6E9B4F4B2597}"
EndProject
Project("{FAE04EC0-301F-11D3-BF4B-00C04F79EFBC}") = "Insight.Authorization.Jwt", "src\Insight.Authorization.Jwt\Insight.Authorization.Jwt.csproj", "{3DE5BAEA-FD4B-4421-8DD5-F7B6B754A958}"
EndProject
Project("{FAE04EC0-301F-11D3-BF4B-00C04F79EFBC}") = "Insight.Authorization.Jwt.Extensions", "src\Insight.Authorization.Jwt.Extensions\Insight.Authorization.Jwt.Extensions.csproj", "{EDDA9278-9317-42FF-9D69-CE2FC9864027}"
EndProject
Project("{FAE04EC0-301F-11D3-BF4B-00C04F79EFBC}") = "Insight.AspNetCore.ExceptionFilters", "src\Insight.AspNetCore.ExceptionFilters\Insight.AspNetCore.ExceptionFilters.csproj", "{285BEB9D-B7E1-4C57-ADE1-069B2052A315}"
EndProject
Project("{FAE04EC0-301F-11D3-BF4B-00C04F79EFBC}") = "Insight.Exceptions", "src\Insight.Exceptions\Insight.Exceptions.csproj", "{762495ED-F805-4232-8D1C-A1CE052AD1AA}"
EndProject
Project("{FAE04EC0-301F-11D3-BF4B-00C04F79EFBC}") = "Insight.Marten.Extensions", "src\Insight.Marten.Extensions\Insight.Marten.Extensions.csproj", "{1BCD589C-79CB-4635-9E0F-8DBF5106071D}"
EndProject
Project("{FAE04EC0-301F-11D3-BF4B-00C04F79EFBC}") = "Insight.Tracing", "src\Insight.Tracing\Insight.Tracing.csproj", "{D0856470-B733-4DEC-A3B9-5B0114C6892F}"
EndProject
Project("{FAE04EC0-301F-11D3-BF4B-00C04F79EFBC}") = "Insight.Logging.Serilog.Middlewares", "src\Insight.Logging.Serilog.Middlewares\Insight.Logging.Serilog.Middlewares.csproj", "{68DFFB49-6EFC-41F5-A2AE-E85C5B3414EC}"
EndProject
Project("{FAE04EC0-301F-11D3-BF4B-00C04F79EFBC}") = "Insight.TransactionalOutbox", "src\Insight.TransactionalOutbox\Insight.TransactionalOutbox.csproj", "{A294418F-0F7D-4F21-BFC8-643329626EDE}"
EndProject
Global
	GlobalSection(SolutionConfigurationPlatforms) = preSolution
		Debug|Any CPU = Debug|Any CPU
		Release|Any CPU = Release|Any CPU
	EndGlobalSection
	GlobalSection(ProjectConfigurationPlatforms) = postSolution
		{ACF9173B-2EAC-44F6-8EB6-80A71E944FA1}.Debug|Any CPU.ActiveCfg = Debug|Any CPU
		{ACF9173B-2EAC-44F6-8EB6-80A71E944FA1}.Debug|Any CPU.Build.0 = Debug|Any CPU
		{ACF9173B-2EAC-44F6-8EB6-80A71E944FA1}.Release|Any CPU.ActiveCfg = Release|Any CPU
		{ACF9173B-2EAC-44F6-8EB6-80A71E944FA1}.Release|Any CPU.Build.0 = Release|Any CPU
		{FCDB62B1-9D64-4243-A534-AE265307D914}.Debug|Any CPU.ActiveCfg = Debug|Any CPU
		{FCDB62B1-9D64-4243-A534-AE265307D914}.Debug|Any CPU.Build.0 = Debug|Any CPU
		{FCDB62B1-9D64-4243-A534-AE265307D914}.Release|Any CPU.ActiveCfg = Release|Any CPU
		{FCDB62B1-9D64-4243-A534-AE265307D914}.Release|Any CPU.Build.0 = Release|Any CPU
		{4DD20C86-F1A0-4491-99C3-B2F576CF651A}.Debug|Any CPU.ActiveCfg = Debug|Any CPU
		{4DD20C86-F1A0-4491-99C3-B2F576CF651A}.Debug|Any CPU.Build.0 = Debug|Any CPU
		{4DD20C86-F1A0-4491-99C3-B2F576CF651A}.Release|Any CPU.ActiveCfg = Release|Any CPU
		{4DD20C86-F1A0-4491-99C3-B2F576CF651A}.Release|Any CPU.Build.0 = Release|Any CPU
		{11BB2E1E-7728-4BE4-A1E6-B55FDEFA8BED}.Debug|Any CPU.ActiveCfg = Debug|Any CPU
		{11BB2E1E-7728-4BE4-A1E6-B55FDEFA8BED}.Debug|Any CPU.Build.0 = Debug|Any CPU
		{11BB2E1E-7728-4BE4-A1E6-B55FDEFA8BED}.Release|Any CPU.ActiveCfg = Release|Any CPU
		{11BB2E1E-7728-4BE4-A1E6-B55FDEFA8BED}.Release|Any CPU.Build.0 = Release|Any CPU
		{B627D56C-DBD6-4F18-A39D-691595D12B64}.Debug|Any CPU.ActiveCfg = Debug|Any CPU
		{B627D56C-DBD6-4F18-A39D-691595D12B64}.Debug|Any CPU.Build.0 = Debug|Any CPU
		{B627D56C-DBD6-4F18-A39D-691595D12B64}.Release|Any CPU.ActiveCfg = Release|Any CPU
		{B627D56C-DBD6-4F18-A39D-691595D12B64}.Release|Any CPU.Build.0 = Release|Any CPU
		{C3E4B5D4-2058-4DE8-BDB3-5CCEF4398AEA}.Debug|Any CPU.ActiveCfg = Debug|Any CPU
		{C3E4B5D4-2058-4DE8-BDB3-5CCEF4398AEA}.Debug|Any CPU.Build.0 = Debug|Any CPU
		{C3E4B5D4-2058-4DE8-BDB3-5CCEF4398AEA}.Release|Any CPU.ActiveCfg = Release|Any CPU
		{C3E4B5D4-2058-4DE8-BDB3-5CCEF4398AEA}.Release|Any CPU.Build.0 = Release|Any CPU
		{1AE309DE-1A50-4BA5-8843-0D9ACCE21CBE}.Debug|Any CPU.ActiveCfg = Debug|Any CPU
		{1AE309DE-1A50-4BA5-8843-0D9ACCE21CBE}.Debug|Any CPU.Build.0 = Debug|Any CPU
		{1AE309DE-1A50-4BA5-8843-0D9ACCE21CBE}.Release|Any CPU.ActiveCfg = Release|Any CPU
		{1AE309DE-1A50-4BA5-8843-0D9ACCE21CBE}.Release|Any CPU.Build.0 = Release|Any CPU
		{125DA748-B4A5-4C3B-BCC5-E0B0651A6C04}.Debug|Any CPU.ActiveCfg = Debug|Any CPU
		{125DA748-B4A5-4C3B-BCC5-E0B0651A6C04}.Debug|Any CPU.Build.0 = Debug|Any CPU
		{125DA748-B4A5-4C3B-BCC5-E0B0651A6C04}.Release|Any CPU.ActiveCfg = Release|Any CPU
		{125DA748-B4A5-4C3B-BCC5-E0B0651A6C04}.Release|Any CPU.Build.0 = Release|Any CPU
		{9FBE2643-D4FA-40AC-912B-EEC6769F7AF6}.Debug|Any CPU.ActiveCfg = Debug|Any CPU
		{9FBE2643-D4FA-40AC-912B-EEC6769F7AF6}.Debug|Any CPU.Build.0 = Debug|Any CPU
		{9FBE2643-D4FA-40AC-912B-EEC6769F7AF6}.Release|Any CPU.ActiveCfg = Release|Any CPU
		{9FBE2643-D4FA-40AC-912B-EEC6769F7AF6}.Release|Any CPU.Build.0 = Release|Any CPU
		{4AE6BCC7-5C02-4090-B987-B13AE1B5218A}.Debug|Any CPU.ActiveCfg = Debug|Any CPU
		{4AE6BCC7-5C02-4090-B987-B13AE1B5218A}.Debug|Any CPU.Build.0 = Debug|Any CPU
		{4AE6BCC7-5C02-4090-B987-B13AE1B5218A}.Release|Any CPU.ActiveCfg = Release|Any CPU
		{4AE6BCC7-5C02-4090-B987-B13AE1B5218A}.Release|Any CPU.Build.0 = Release|Any CPU
		{C69E3CC8-F8ED-4988-94F4-EB37BF233426}.Debug|Any CPU.ActiveCfg = Debug|Any CPU
		{C69E3CC8-F8ED-4988-94F4-EB37BF233426}.Debug|Any CPU.Build.0 = Debug|Any CPU
		{C69E3CC8-F8ED-4988-94F4-EB37BF233426}.Release|Any CPU.ActiveCfg = Release|Any CPU
		{C69E3CC8-F8ED-4988-94F4-EB37BF233426}.Release|Any CPU.Build.0 = Release|Any CPU
		{16391071-302A-41DF-83E1-BB3447FFD8CF}.Debug|Any CPU.ActiveCfg = Debug|Any CPU
		{16391071-302A-41DF-83E1-BB3447FFD8CF}.Debug|Any CPU.Build.0 = Debug|Any CPU
		{16391071-302A-41DF-83E1-BB3447FFD8CF}.Release|Any CPU.ActiveCfg = Release|Any CPU
		{16391071-302A-41DF-83E1-BB3447FFD8CF}.Release|Any CPU.Build.0 = Release|Any CPU
		{A24481E9-0C14-4F99-BD68-B275AFDE9E7E}.Debug|Any CPU.ActiveCfg = Debug|Any CPU
		{A24481E9-0C14-4F99-BD68-B275AFDE9E7E}.Debug|Any CPU.Build.0 = Debug|Any CPU
		{A24481E9-0C14-4F99-BD68-B275AFDE9E7E}.Release|Any CPU.ActiveCfg = Release|Any CPU
		{A24481E9-0C14-4F99-BD68-B275AFDE9E7E}.Release|Any CPU.Build.0 = Release|Any CPU
		{54D396CA-C39D-4947-B857-4EA35FC15A4B}.Debug|Any CPU.ActiveCfg = Debug|Any CPU
		{54D396CA-C39D-4947-B857-4EA35FC15A4B}.Debug|Any CPU.Build.0 = Debug|Any CPU
		{54D396CA-C39D-4947-B857-4EA35FC15A4B}.Release|Any CPU.ActiveCfg = Release|Any CPU
		{54D396CA-C39D-4947-B857-4EA35FC15A4B}.Release|Any CPU.Build.0 = Release|Any CPU
		{C9E562C8-2321-49C8-9346-78C033D0D4A5}.Debug|Any CPU.ActiveCfg = Debug|Any CPU
		{C9E562C8-2321-49C8-9346-78C033D0D4A5}.Debug|Any CPU.Build.0 = Debug|Any CPU
		{C9E562C8-2321-49C8-9346-78C033D0D4A5}.Release|Any CPU.ActiveCfg = Release|Any CPU
		{C9E562C8-2321-49C8-9346-78C033D0D4A5}.Release|Any CPU.Build.0 = Release|Any CPU
		{FC615C4B-1ED8-4ACD-BF05-5842DDF7DFF2}.Debug|Any CPU.ActiveCfg = Debug|Any CPU
		{FC615C4B-1ED8-4ACD-BF05-5842DDF7DFF2}.Debug|Any CPU.Build.0 = Debug|Any CPU
		{FC615C4B-1ED8-4ACD-BF05-5842DDF7DFF2}.Release|Any CPU.ActiveCfg = Release|Any CPU
		{FC615C4B-1ED8-4ACD-BF05-5842DDF7DFF2}.Release|Any CPU.Build.0 = Release|Any CPU
		{7F5A322F-774B-4165-8F53-386501531E81}.Debug|Any CPU.ActiveCfg = Debug|Any CPU
		{7F5A322F-774B-4165-8F53-386501531E81}.Debug|Any CPU.Build.0 = Debug|Any CPU
		{7F5A322F-774B-4165-8F53-386501531E81}.Release|Any CPU.ActiveCfg = Release|Any CPU
		{7F5A322F-774B-4165-8F53-386501531E81}.Release|Any CPU.Build.0 = Release|Any CPU
		{83318B8D-09DA-482D-A7B7-FC38B14A0484}.Debug|Any CPU.ActiveCfg = Debug|Any CPU
		{83318B8D-09DA-482D-A7B7-FC38B14A0484}.Debug|Any CPU.Build.0 = Debug|Any CPU
		{83318B8D-09DA-482D-A7B7-FC38B14A0484}.Release|Any CPU.ActiveCfg = Release|Any CPU
		{83318B8D-09DA-482D-A7B7-FC38B14A0484}.Release|Any CPU.Build.0 = Release|Any CPU
		{77A746C2-4314-4A6E-8398-D52538B516E9}.Debug|Any CPU.ActiveCfg = Debug|Any CPU
		{77A746C2-4314-4A6E-8398-D52538B516E9}.Debug|Any CPU.Build.0 = Debug|Any CPU
		{77A746C2-4314-4A6E-8398-D52538B516E9}.Release|Any CPU.ActiveCfg = Release|Any CPU
		{77A746C2-4314-4A6E-8398-D52538B516E9}.Release|Any CPU.Build.0 = Release|Any CPU
		{3E7077A7-4F21-4F02-A0D0-B4ED98C34328}.Debug|Any CPU.ActiveCfg = Debug|Any CPU
		{3E7077A7-4F21-4F02-A0D0-B4ED98C34328}.Debug|Any CPU.Build.0 = Debug|Any CPU
		{3E7077A7-4F21-4F02-A0D0-B4ED98C34328}.Release|Any CPU.ActiveCfg = Release|Any CPU
		{3E7077A7-4F21-4F02-A0D0-B4ED98C34328}.Release|Any CPU.Build.0 = Release|Any CPU
		{8691745B-5B44-4F5C-B0EA-6B2B23A0F329}.Debug|Any CPU.ActiveCfg = Debug|Any CPU
		{8691745B-5B44-4F5C-B0EA-6B2B23A0F329}.Debug|Any CPU.Build.0 = Debug|Any CPU
		{8691745B-5B44-4F5C-B0EA-6B2B23A0F329}.Release|Any CPU.ActiveCfg = Release|Any CPU
		{8691745B-5B44-4F5C-B0EA-6B2B23A0F329}.Release|Any CPU.Build.0 = Release|Any CPU
		{723C282D-0534-47FF-936C-51BE1F1A6B39}.Debug|Any CPU.ActiveCfg = Debug|Any CPU
		{723C282D-0534-47FF-936C-51BE1F1A6B39}.Debug|Any CPU.Build.0 = Debug|Any CPU
		{723C282D-0534-47FF-936C-51BE1F1A6B39}.Release|Any CPU.ActiveCfg = Release|Any CPU
		{723C282D-0534-47FF-936C-51BE1F1A6B39}.Release|Any CPU.Build.0 = Release|Any CPU
		{2DB88394-22E1-4A5C-9C2D-E63A4F01EFD9}.Debug|Any CPU.ActiveCfg = Debug|Any CPU
		{2DB88394-22E1-4A5C-9C2D-E63A4F01EFD9}.Debug|Any CPU.Build.0 = Debug|Any CPU
		{2DB88394-22E1-4A5C-9C2D-E63A4F01EFD9}.Release|Any CPU.ActiveCfg = Release|Any CPU
		{2DB88394-22E1-4A5C-9C2D-E63A4F01EFD9}.Release|Any CPU.Build.0 = Release|Any CPU
		{B24F93F0-EA32-471E-A4CC-FB7368514C59}.Debug|Any CPU.ActiveCfg = Debug|Any CPU
		{B24F93F0-EA32-471E-A4CC-FB7368514C59}.Debug|Any CPU.Build.0 = Debug|Any CPU
		{B24F93F0-EA32-471E-A4CC-FB7368514C59}.Release|Any CPU.ActiveCfg = Release|Any CPU
		{B24F93F0-EA32-471E-A4CC-FB7368514C59}.Release|Any CPU.Build.0 = Release|Any CPU
		{7B860F2B-AB85-450D-9A83-6E9B4F4B2597}.Debug|Any CPU.ActiveCfg = Debug|Any CPU
		{7B860F2B-AB85-450D-9A83-6E9B4F4B2597}.Debug|Any CPU.Build.0 = Debug|Any CPU
		{7B860F2B-AB85-450D-9A83-6E9B4F4B2597}.Release|Any CPU.ActiveCfg = Release|Any CPU
		{7B860F2B-AB85-450D-9A83-6E9B4F4B2597}.Release|Any CPU.Build.0 = Release|Any CPU
		{3DE5BAEA-FD4B-4421-8DD5-F7B6B754A958}.Debug|Any CPU.ActiveCfg = Debug|Any CPU
		{3DE5BAEA-FD4B-4421-8DD5-F7B6B754A958}.Debug|Any CPU.Build.0 = Debug|Any CPU
		{3DE5BAEA-FD4B-4421-8DD5-F7B6B754A958}.Release|Any CPU.ActiveCfg = Release|Any CPU
		{3DE5BAEA-FD4B-4421-8DD5-F7B6B754A958}.Release|Any CPU.Build.0 = Release|Any CPU
		{EDDA9278-9317-42FF-9D69-CE2FC9864027}.Debug|Any CPU.ActiveCfg = Debug|Any CPU
		{EDDA9278-9317-42FF-9D69-CE2FC9864027}.Debug|Any CPU.Build.0 = Debug|Any CPU
		{EDDA9278-9317-42FF-9D69-CE2FC9864027}.Release|Any CPU.ActiveCfg = Release|Any CPU
		{EDDA9278-9317-42FF-9D69-CE2FC9864027}.Release|Any CPU.Build.0 = Release|Any CPU
		{285BEB9D-B7E1-4C57-ADE1-069B2052A315}.Debug|Any CPU.ActiveCfg = Debug|Any CPU
		{285BEB9D-B7E1-4C57-ADE1-069B2052A315}.Debug|Any CPU.Build.0 = Debug|Any CPU
		{285BEB9D-B7E1-4C57-ADE1-069B2052A315}.Release|Any CPU.ActiveCfg = Release|Any CPU
		{285BEB9D-B7E1-4C57-ADE1-069B2052A315}.Release|Any CPU.Build.0 = Release|Any CPU
		{762495ED-F805-4232-8D1C-A1CE052AD1AA}.Debug|Any CPU.ActiveCfg = Debug|Any CPU
		{762495ED-F805-4232-8D1C-A1CE052AD1AA}.Debug|Any CPU.Build.0 = Debug|Any CPU
		{762495ED-F805-4232-8D1C-A1CE052AD1AA}.Release|Any CPU.ActiveCfg = Release|Any CPU
		{762495ED-F805-4232-8D1C-A1CE052AD1AA}.Release|Any CPU.Build.0 = Release|Any CPU
		{1BCD589C-79CB-4635-9E0F-8DBF5106071D}.Debug|Any CPU.ActiveCfg = Debug|Any CPU
		{1BCD589C-79CB-4635-9E0F-8DBF5106071D}.Debug|Any CPU.Build.0 = Debug|Any CPU
		{1BCD589C-79CB-4635-9E0F-8DBF5106071D}.Release|Any CPU.ActiveCfg = Release|Any CPU
		{1BCD589C-79CB-4635-9E0F-8DBF5106071D}.Release|Any CPU.Build.0 = Release|Any CPU
		{D0856470-B733-4DEC-A3B9-5B0114C6892F}.Debug|Any CPU.ActiveCfg = Debug|Any CPU
		{D0856470-B733-4DEC-A3B9-5B0114C6892F}.Debug|Any CPU.Build.0 = Debug|Any CPU
		{D0856470-B733-4DEC-A3B9-5B0114C6892F}.Release|Any CPU.ActiveCfg = Release|Any CPU
		{D0856470-B733-4DEC-A3B9-5B0114C6892F}.Release|Any CPU.Build.0 = Release|Any CPU
		{68DFFB49-6EFC-41F5-A2AE-E85C5B3414EC}.Debug|Any CPU.ActiveCfg = Debug|Any CPU
		{68DFFB49-6EFC-41F5-A2AE-E85C5B3414EC}.Debug|Any CPU.Build.0 = Debug|Any CPU
		{68DFFB49-6EFC-41F5-A2AE-E85C5B3414EC}.Release|Any CPU.ActiveCfg = Release|Any CPU
		{68DFFB49-6EFC-41F5-A2AE-E85C5B3414EC}.Release|Any CPU.Build.0 = Release|Any CPU
		{A294418F-0F7D-4F21-BFC8-643329626EDE}.Debug|Any CPU.ActiveCfg = Debug|Any CPU
		{A294418F-0F7D-4F21-BFC8-643329626EDE}.Debug|Any CPU.Build.0 = Debug|Any CPU
		{A294418F-0F7D-4F21-BFC8-643329626EDE}.Release|Any CPU.ActiveCfg = Release|Any CPU
		{A294418F-0F7D-4F21-BFC8-643329626EDE}.Release|Any CPU.Build.0 = Release|Any CPU
	EndGlobalSection
	GlobalSection(SolutionProperties) = preSolution
		HideSolutionNode = FALSE
	EndGlobalSection
	GlobalSection(NestedProjects) = preSolution
		{ACF9173B-2EAC-44F6-8EB6-80A71E944FA1} = {238B3094-7166-47C7-A254-E4022125CC45}
		{FCDB62B1-9D64-4243-A534-AE265307D914} = {238B3094-7166-47C7-A254-E4022125CC45}
		{125DA748-B4A5-4C3B-BCC5-E0B0651A6C04} = {E15ED34D-B34A-4F9D-803B-9070BC272563}
		{4AE6BCC7-5C02-4090-B987-B13AE1B5218A} = {238B3094-7166-47C7-A254-E4022125CC45}
		{A24481E9-0C14-4F99-BD68-B275AFDE9E7E} = {238B3094-7166-47C7-A254-E4022125CC45}
		{54D396CA-C39D-4947-B857-4EA35FC15A4B} = {238B3094-7166-47C7-A254-E4022125CC45}
		{7B860F2B-AB85-450D-9A83-6E9B4F4B2597} = {238B3094-7166-47C7-A254-E4022125CC45}
	EndGlobalSection
	GlobalSection(ExtensibilityGlobals) = postSolution
		SolutionGuid = {6B17B755-418E-4CED-9F3C-F98C5F2F1306}
	EndGlobalSection
EndGlobal
